
Microsoft Visual Studio Solution File, Format Version 12.00
# Visual Studio Version 17
VisualStudioVersion = 17.0.31912.275
MinimumVisualStudioVersion = 10.0.40219.1
Project("{FAE04EC0-301F-11D3-BF4B-00C04F79EFBC}") = "SeniorDesignImplementation", "SeniorDesignImplementation\SeniorDesignImplementation.csproj", "{26CA8D58-8EAB-4A96-9160-83FAEAE217B7}"
EndProject
Global
	GlobalSection(SolutionConfigurationPlatforms) = preSolution
		Debug|Any CPU = Debug|Any CPU
		Release|Any CPU = Release|Any CPU
	EndGlobalSection
	GlobalSection(ProjectConfigurationPlatforms) = postSolution
		{26CA8D58-8EAB-4A96-9160-83FAEAE217B7}.Debug|Any CPU.ActiveCfg = Debug|Any CPU
		{26CA8D58-8EAB-4A96-9160-83FAEAE217B7}.Debug|Any CPU.Build.0 = Debug|Any CPU
		{26CA8D58-8EAB-4A96-9160-83FAEAE217B7}.Release|Any CPU.ActiveCfg = Release|Any CPU
		{26CA8D58-8EAB-4A96-9160-83FAEAE217B7}.Release|Any CPU.Build.0 = Release|Any CPU
	EndGlobalSection
	GlobalSection(SolutionProperties) = preSolution
		HideSolutionNode = FALSE
	EndGlobalSection
	GlobalSection(ExtensibilityGlobals) = postSolution
		SolutionGuid = {6AE0251B-1762-4502-9954-E4B1680B641F}
	EndGlobalSection
EndGlobal
